PODS:
  - lottie-ios (3.1.8)
  - RxCocoa (6.5.0):
    - RxRelay (= 6.5.0)
    - RxSwift (= 6.5.0)
  - RxRelay (6.5.0):
    - RxSwift (= 6.5.0)
  - RxSwift (6.5.0)
  - Swinject (2.7.1)

DEPENDENCIES:
  - lottie-ios
  - RxCocoa
  - RxSwift
  - Swinject

SPEC REPOS:
  https://github.com/CocoaPods/Specs.git:
    - lottie-ios
    - Swinject
  trunk:
    - RxCocoa
    - RxRelay
    - RxSwift

SPEC CHECKSUMS:
  lottie-ios: 48fac6be217c76937e36e340e2d09cf7b10b7f5f
  RxCocoa: 94f817b71c07517321eb4f9ad299112ca8af743b
  RxRelay: 1de1523e604c72b6c68feadedd1af3b1b4d0ecbd
  RxSwift: 5710a9e6b17f3c3d6e40d6e559b9fa1e813b2ef8
  Swinject: ddf78b8486dd9b71a667b852cad919ab4484478e

PODFILE CHECKSUM: 78207b06319575a577349c2ab03c6af4a263549e

COCOAPODS: 1.11.2
