// !$*UTF8*$!
{
	archiveVersion = 1;
	classes = {
	};
	objectVersion = 56;
	objects = {

/* Begin PBXBuildFile section */
		C63588D6290840F6009B911E /* AppDelegate.swift in Sources */ = {isa = PBXBuildFile; fileRef = C63588D5290840F6009B911E /* AppDelegate.swift */; };
		C63588D8290840F6009B911E /* SceneDelegate.swift in Sources */ = {isa = PBXBuildFile; fileRef = C63588D7290840F6009B911E /* SceneDelegate.swift */; };
		C63588DA290840F6009B911E /* ViewController.swift in Sources */ = {isa = PBXBuildFile; fileRef = C63588D9290840F6009B911E /* ViewController.swift */; };
		C63588DD290840F6009B911E /* Main.storyboard in Resources */ = {isa = PBXBuildFile; fileRef = C63588DB290840F6009B911E /* Main.storyboard */; };
		C63588E0290840F6009B911E /* PuppyChallenge.xcdatamodeld in Sources */ = {isa = PBXBuildFile; fileRef = C63588DE290840F6009B911E /* PuppyChallenge.xcdatamodeld */; };
		C63588E2290840F8009B911E /* Assets.xcassets in Resources */ = {isa = PBXBuildFile; fileRef = C63588E1290840F8009B911E /* Assets.xcassets */; };
		C63588E5290840F8009B911E /* LaunchScreen.storyboard in Resources */ = {isa = PBXBuildFile; fileRef = C63588E3290840F8009B911E /* LaunchScreen.storyboard */; };
		C63588F0290840F9009B911E /* PuppyChallengeTests.swift in Sources */ = {isa = PBXBuildFile; fileRef = C63588EF290840F9009B911E /* PuppyChallengeTests.swift */; };
		C63588FA290840F9009B911E /* PuppyChallengeUITests.swift in Sources */ = {isa = PBXBuildFile; fileRef = C63588F9290840F9009B911E /* PuppyChallengeUITests.swift */; };
		C63588FC290840F9009B911E /* PuppyChallengeUITestsLaunchTests.swift in Sources */ = {isa = PBXBuildFile; fileRef = C63588FB290840F9009B911E /* PuppyChallengeUITestsLaunchTests.swift */; };
/* End PBXBuildFile section */

/* Begin PBXContainerItemProxy section */
		C63588EC290840F9009B911E /* PBXContainerItemProxy */ = {
			isa = PBXContainerItemProxy;
			containerPortal = C63588CA290840F6009B911E /* Project object */;
			proxyType = 1;
			remoteGlobalIDString = C63588D1290840F6009B911E;
			remoteInfo = PuppyChallenge;
		};
		C63588F6290840F9009B911E /* PBXContainerItemProxy */ = {
			isa = PBXContainerItemProxy;
			containerPortal = C63588CA290840F6009B911E /* Project object */;
			proxyType = 1;
			remoteGlobalIDString = C63588D1290840F6009B911E;
			remoteInfo = PuppyChallenge;
		};
/* End PBXContainerItemProxy section */

/* Begin PBXFileReference section */
		C63588D2290840F6009B911E /* PuppyChallenge.app */ = {isa = PBXFileReference; explicitFileType = wrapper.application; includeInIndex = 0; path = PuppyChallenge.app; sourceTree = BUILT_PRODUCTS_DIR; };
		C63588D5290840F6009B911E /* AppDelegate.swift */ = {isa = PBXFileReference; lastKnownFileType = sourcecode.swift; path = AppDelegate.swift; sourceTree = "<group>"; };
		C63588D7290840F6009B911E /* SceneDelegate.swift */ = {isa = PBXFileReference; lastKnownFileType = sourcecode.swift; path = SceneDelegate.swift; sourceTree = "<group>"; };
		C63588D9290840F6009B911E /* ViewController.swift */ = {isa = PBXFileReference; lastKnownFileType = sourcecode.swift; path = ViewController.swift; sourceTree = "<group>"; };
		C63588DC290840F6009B911E /* Base */ = {isa = PBXFileReference; lastKnownFileType = file.storyboard; name = Base; path = Base.lproj/Main.storyboard; sourceTree = "<group>"; };
		C63588DF290840F6009B911E /* PuppyChallenge.xcdatamodel */ = {isa = PBXFileReference; lastKnownFileType = wrapper.xcdatamodel; path = PuppyChallenge.xcdatamodel; sourceTree = "<group>"; };
		C63588E1290840F8009B911E /* Assets.xcassets */ = {isa = PBXFileReference; lastKnownFileType = folder.assetcatalog; path = Assets.xcassets; sourceTree = "<group>"; };
		C63588E4290840F8009B911E /* Base */ = {isa = PBXFileReference; lastKnownFileType = file.storyboard; name = Base; path = Base.lproj/LaunchScreen.storyboard; sourceTree = "<group>"; };
		C63588E6290840F8009B911E /* Info.plist */ = {isa = PBXFileReference; lastKnownFileType = text.plist.xml; path = Info.plist; sourceTree = "<group>"; };
		C63588EB290840F9009B911E /* PuppyChallengeTests.xctest */ = {isa = PBXFileReference; explicitFileType = wrapper.cfbundle; includeInIndex = 0; path = PuppyChallengeTests.xctest; sourceTree = BUILT_PRODUCTS_DIR; };
		C63588EF290840F9009B911E /* PuppyChallengeTests.swift */ = {isa = PBXFileReference; lastKnownFileType = sourcecode.swift; path = PuppyChallengeTests.swift; sourceTree = "<group>"; };
		C63588F5290840F9009B911E /* PuppyChallengeUITests.xctest */ = {isa = PBXFileReference; explicitFileType = wrapper.cfbundle; includeInIndex = 0; path = PuppyChallengeUITests.xctest; sourceTree = BUILT_PRODUCTS_DIR; };
		C63588F9290840F9009B911E /* PuppyChallengeUITests.swift */ = {isa = PBXFileReference; lastKnownFileType = sourcecode.swift; path = PuppyChallengeUITests.swift; sourceTree = "<group>"; };
		C63588FB290840F9009B911E /* PuppyChallengeUITestsLaunchTests.swift */ = {isa = PBXFileReference; lastKnownFileType = sourcecode.swift; path = PuppyChallengeUITestsLaunchTests.swift; sourceTree = "<group>"; };
/* End PBXFileReference section */

/* Begin PBXFrameworksBuildPhase section */
		C63588CF290840F6009B911E /* Frameworks */ = {
			isa = PBXFrameworksBuildPhase;
			buildActionMask = 2147483647;
			files = (
			);
			runOnlyForDeploymentPostprocessing = 0;
		};
		C63588E8290840F9009B911E /* Frameworks */ = {
			isa = PBXFrameworksBuildPhase;
			buildActionMask = 2147483647;
			files = (
			);
			runOnlyForDeploymentPostprocessing = 0;
		};
		C63588F2290840F9009B911E /* Frameworks */ = {
			isa = PBXFrameworksBuildPhase;
			buildActionMask = 2147483647;
			files = (
			);
			runOnlyForDeploymentPostprocessing = 0;
		};
/* End PBXFrameworksBuildPhase section */

/* Begin PBXGroup section */
		C63588C9290840F6009B911E = {
			isa = PBXGroup;
			children = (
				C63588D4290840F6009B911E /* PuppyChallenge */,
				C63588EE290840F9009B911E /* PuppyChallengeTests */,
				C63588F8290840F9009B911E /* PuppyChallengeUITests */,
				C63588D3290840F6009B911E /* Products */,
			);
			sourceTree = "<group>";
		};
		C63588D3290840F6009B911E /* Products */ = {
			isa = PBXGroup;
			children = (
				C63588D2290840F6009B911E /* PuppyChallenge.app */,
				C63588EB290840F9009B911E /* PuppyChallengeTests.xctest */,
				C63588F5290840F9009B911E /* PuppyChallengeUITests.xctest */,
			);
			name = Products;
			sourceTree = "<group>";
		};
		C63588D4290840F6009B911E /* PuppyChallenge */ = {
			isa = PBXGroup;
			children = (
				C63588D5290840F6009B911E /* AppDelegate.swift */,
				C63588D7290840F6009B911E /* SceneDelegate.swift */,
				C63588D9290840F6009B911E /* ViewController.swift */,
				C63588DB290840F6009B911E /* Main.storyboard */,
				C63588E1290840F8009B911E /* Assets.xcassets */,
				C63588E3290840F8009B911E /* LaunchScreen.storyboard */,
				C63588E6290840F8009B911E /* Info.plist */,
				C63588DE290840F6009B911E /* PuppyChallenge.xcdatamodeld */,
			);
			path = PuppyChallenge;
			sourceTree = "<group>";
		};
		C63588EE290840F9009B911E /* PuppyChallengeTests */ = {
			isa = PBXGroup;
			children = (
				C63588EF290840F9009B911E /* PuppyChallengeTests.swift */,
			);
			path = PuppyChallengeTests;
			sourceTree = "<group>";
		};
		C63588F8290840F9009B911E /* PuppyChallengeUITests */ = {
			isa = PBXGroup;
			children = (
				C63588F9290840F9009B911E /* PuppyChallengeUITests.swift */,
				C63588FB290840F9009B911E /* PuppyChallengeUITestsLaunchTests.swift */,
			);
			path = PuppyChallengeUITests;
			sourceTree = "<group>";
		};
/* End PBXGroup section */

/* Begin PBXNativeTarget section */
		C63588D1290840F6009B911E /* PuppyChallenge */ = {
			isa = PBXNativeTarget;
			buildConfigurationList = C63588FF290840F9009B911E /* Build configuration list for PBXNativeTarget "PuppyChallenge" */;
			buildPhases = (
				C63588CE290840F6009B911E /* Sources */,
				C63588CF290840F6009B911E /* Frameworks */,
				C63588D0290840F6009B911E /* Resources */,
			);
			buildRules = (
			);
			dependencies = (
			);
			name = PuppyChallenge;
			productName = PuppyChallenge;
			productReference = C63588D2290840F6009B911E /* PuppyChallenge.app */;
			productType = "com.apple.product-type.application";
		};
		C63588EA290840F9009B911E /* PuppyChallengeTests */ = {
			isa = PBXNativeTarget;
			buildConfigurationList = C6358902290840F9009B911E /* Build configuration list for PBXNativeTarget "PuppyChallengeTests" */;
			buildPhases = (
				C63588E7290840F9009B911E /* Sources */,
				C63588E8290840F9009B911E /* Frameworks */,
				C63588E9290840F9009B911E /* Resources */,
			);
			buildRules = (
			);
			dependencies = (
				C63588ED290840F9009B911E /* PBXTargetDependency */,
			);
			name = PuppyChallengeTests;
			productName = PuppyChallengeTests;
			productReference = C63588EB290840F9009B911E /* PuppyChallengeTests.xctest */;
			productType = "com.apple.product-type.bundle.unit-test";
		};
		C63588F4290840F9009B911E /* PuppyChallengeUITests */ = {
			isa = PBXNativeTarget;
			buildConfigurationList = C6358905290840F9009B911E /* Build configuration list for PBXNativeTarget "PuppyChallengeUITests" */;
			buildPhases = (
				C63588F1290840F9009B911E /* Sources */,
				C63588F2290840F9009B911E /* Frameworks */,
				C63588F3290840F9009B911E /* Resources */,
			);
			buildRules = (
			);
			dependencies = (
				C63588F7290840F9009B911E /* PBXTargetDependency */,
			);
			name = PuppyChallengeUITests;
			productName = PuppyChallengeUITests;
			productReference = C63588F5290840F9009B911E /* PuppyChallengeUITests.xctest */;
			productType = "com.apple.product-type.bundle.ui-testing";
		};
/* End PBXNativeTarget section */

/* Begin PBXProject section */
		C63588CA290840F6009B911E /* Project object */ = {
			isa = PBXProject;
			attributes = {
				BuildIndependentTargetsInParallel = 1;
				LastSwiftUpdateCheck = 1400;
				LastUpgradeCheck = 1400;
				TargetAttributes = {
					C63588D1290840F6009B911E = {
						CreatedOnToolsVersion = 14.0;
					};
					C63588EA290840F9009B911E = {
						CreatedOnToolsVersion = 14.0;
						TestTargetID = C63588D1290840F6009B911E;
					};
					C63588F4290840F9009B911E = {
						CreatedOnToolsVersion = 14.0;
						TestTargetID = C63588D1290840F6009B911E;
					};
				};
			};
			buildConfigurationList = C63588CD290840F6009B911E /* Build configuration list for PBXProject "PuppyChallenge" */;
			compatibilityVersion = "Xcode 14.0";
			developmentRegion = en;
			hasScannedForEncodings = 0;
			knownRegions = (
				en,
				Base,
			);
			mainGroup = C63588C9290840F6009B911E;
			productRefGroup = C63588D3290840F6009B911E /* Products */;
			projectDirPath = "";
			projectRoot = "";
			targets = (
				C63588D1290840F6009B911E /* PuppyChallenge */,
				C63588EA290840F9009B911E /* PuppyChallengeTests */,
				C63588F4290840F9009B911E /* PuppyChallengeUITests */,
			);
		};
/* End PBXProject section */

/* Begin PBXResourcesBuildPhase section */
		C63588D0290840F6009B911E /* Resources */ = {
			isa = PBXResourcesBuildPhase;
			buildActionMask = 2147483647;
			files = (
				C63588E5290840F8009B911E /* LaunchScreen.storyboard in Resources */,
				C63588E2290840F8009B911E /* Assets.xcassets in Resources */,
				C63588DD290840F6009B911E /* Main.storyboard in Resources */,
			);
			runOnlyForDeploymentPostprocessing = 0;
		};
		C63588E9290840F9009B911E /* Resources */ = {
			isa = PBXResourcesBuildPhase;
			buildActionMask = 2147483647;
			files = (
			);
			runOnlyForDeploymentPostprocessing = 0;
		};
		C63588F3290840F9009B911E /* Resources */ = {
			isa = PBXResourcesBuildPhase;
			buildActionMask = 2147483647;
			files = (
			);
			runOnlyForDeploymentPostprocessing = 0;
		};
/* End PBXResourcesBuildPhase section */

/* Begin PBXSourcesBuildPhase section */
		C63588CE290840F6009B911E /* Sources */ = {
			isa = PBXSourcesBuildPhase;
			buildActionMask = 2147483647;
			files = (
				C63588E0290840F6009B911E /* PuppyChallenge.xcdatamodeld in Sources */,
				C63588DA290840F6009B911E /* ViewController.swift in Sources */,
				C63588D6290840F6009B911E /* AppDelegate.swift in Sources */,
				C63588D8290840F6009B911E /* SceneDelegate.swift in Sources */,
			);
			runOnlyForDeploymentPostprocessing = 0;
		};
		C63588E7290840F9009B911E /* Sources */ = {
			isa = PBXSourcesBuildPhase;
			buildActionMask = 2147483647;
			files = (
				C63588F0290840F9009B911E /* PuppyChallengeTests.swift in Sources */,
			);
			runOnlyForDeploymentPostprocessing = 0;
		};
		C63588F1290840F9009B911E /* Sources */ = {
			isa = PBXSourcesBuildPhase;
			buildActionMask = 2147483647;
			files = (
				C63588FA290840F9009B911E /* PuppyChallengeUITests.swift in Sources */,
				C63588FC290840F9009B911E /* PuppyChallengeUITestsLaunchTests.swift in Sources */,
			);
			runOnlyForDeploymentPostprocessing = 0;
		};
/* End PBXSourcesBuildPhase section */

/* Begin PBXTargetDependency section */
		C63588ED290840F9009B911E /* PBXTargetDependency */ = {
			isa = PBXTargetDependency;
			target = C63588D1290840F6009B911E /* PuppyChallenge */;
			targetProxy = C63588EC290840F9009B911E /* PBXContainerItemProxy */;
		};
		C63588F7290840F9009B911E /* PBXTargetDependency */ = {
			isa = PBXTargetDependency;
			target = C63588D1290840F6009B911E /* PuppyChallenge */;
			targetProxy = C63588F6290840F9009B911E /* PBXContainerItemProxy */;
		};
/* End PBXTargetDependency section */

/* Begin PBXVariantGroup section */
		C63588DB290840F6009B911E /* Main.storyboard */ = {
			isa = PBXVariantGroup;
			children = (
				C63588DC290840F6009B911E /* Base */,
			);
			name = Main.storyboard;
			sourceTree = "<group>";
		};
		C63588E3290840F8009B911E /* LaunchScreen.storyboard */ = {
			isa = PBXVariantGroup;
			children = (
				C63588E4290840F8009B911E /* Base */,
			);
			name = LaunchScreen.storyboard;
			sourceTree = "<group>";
		};
/* End PBXVariantGroup section */

/* Begin XCBuildConfiguration section */
		C63588FD290840F9009B911E /* Debug */ = {
			isa = XCBuildConfiguration;
			buildSettings = {
				ALWAYS_SEARCH_USER_PATHS = NO;
				CLANG_ANALYZER_NONNULL = YES;
				CLANG_ANALYZER_NUMBER_OBJECT_CONVERSION = YES_AGGRESSIVE;
				CLANG_CXX_LANGUAGE_STANDARD = "gnu++20";
				CLANG_ENABLE_MODULES = YES;
				CLANG_ENABLE_OBJC_ARC = YES;
				CLANG_ENABLE_OBJC_WEAK = YES;
				CLANG_WARN_BLOCK_CAPTURE_AUTORELEASING = YES;
				CLANG_WARN_BOOL_CONVERSION = YES;
				CLANG_WARN_COMMA = YES;
				CLANG_WARN_CONSTANT_CONVERSION = YES;
				CLANG_WARN_DEPRECATED_OBJC_IMPLEMENTATIONS = YES;
				CLANG_WARN_DIRECT_OBJC_ISA_USAGE = YES_ERROR;
				CLANG_WARN_DOCUMENTATION_COMMENTS = YES;
				CLANG_WARN_EMPTY_BODY = YES;
				CLANG_WARN_ENUM_CONVERSION = YES;
				CLANG_WARN_INFINITE_RECURSION = YES;
				CLANG_WARN_INT_CONVERSION = YES;
				CLANG_WARN_NON_LITERAL_NULL_CONVERSION = YES;
				CLANG_WARN_OBJC_IMPLICIT_RETAIN_SELF = YES;
				CLANG_WARN_OBJC_LITERAL_CONVERSION = YES;
				CLANG_WARN_OBJC_ROOT_CLASS = YES_ERROR;
				CLANG_WARN_QUOTED_INCLUDE_IN_FRAMEWORK_HEADER = YES;
				CLANG_WARN_RANGE_LOOP_ANALYSIS = YES;
				CLANG_WARN_STRICT_PROTOTYPES = YES;
				CLANG_WARN_SUSPICIOUS_MOVE = YES;
				CLANG_WARN_UNGUARDED_AVAILABILITY = YES_AGGRESSIVE;
				CLANG_WARN_UNREACHABLE_CODE = YES;
				CLANG_WARN__DUPLICATE_METHOD_MATCH = YES;
				COPY_PHASE_STRIP = NO;
				DEBUG_INFORMATION_FORMAT = dwarf;
				ENABLE_STRICT_OBJC_MSGSEND = YES;
				ENABLE_TESTABILITY = YES;
				GCC_C_LANGUAGE_STANDARD = gnu11;
				GCC_DYNAMIC_NO_PIC = NO;
				GCC_NO_COMMON_BLOCKS = YES;
				GCC_OPTIMIZATION_LEVEL = 0;
				GCC_PREPROCESSOR_DEFINITIONS = (
					"DEBUG=1",
					"$(inherited)",
				);
				GCC_WARN_64_TO_32_BIT_CONVERSION = YES;
				GCC_WARN_ABOUT_RETURN_TYPE = YES_ERROR;
				GCC_WARN_UNDECLARED_SELECTOR = YES;
				GCC_WARN_UNINITIALIZED_AUTOS = YES_AGGRESSIVE;
				GCC_WARN_UNUSED_FUNCTION = YES;
				GCC_WARN_UNUSED_VARIABLE = YES;
				IPHONEOS_DEPLOYMENT_TARGET = 16.0;
				MTL_ENABLE_DEBUG_INFO = INCLUDE_SOURCE;
				MTL_FAST_MATH = YES;
				ONLY_ACTIVE_ARCH = YES;
				SDKROOT = iphoneos;
				SWIFT_ACTIVE_COMPILATION_CONDITIONS = DEBUG;
				SWIFT_OPTIMIZATION_LEVEL = "-Onone";
			};
			name = Debug;
		};
		C63588FE290840F9009B911E /* Release */ = {
			isa = XCBuildConfiguration;
			buildSettings = {
				ALWAYS_SEARCH_USER_PATHS = NO;
				CLANG_ANALYZER_NONNULL = YES;
				CLANG_ANALYZER_NUMBER_OBJECT_CONVERSION = YES_AGGRESSIVE;
				CLANG_CXX_LANGUAGE_STANDARD = "gnu++20";
				CLANG_ENABLE_MODULES = YES;
				CLANG_ENABLE_OBJC_ARC = YES;
				CLANG_ENABLE_OBJC_WEAK = YES;
				CLANG_WARN_BLOCK_CAPTURE_AUTORELEASING = YES;
				CLANG_WARN_BOOL_CONVERSION = YES;
				CLANG_WARN_COMMA = YES;
				CLANG_WARN_CONSTANT_CONVERSION = YES;
				CLANG_WARN_DEPRECATED_OBJC_IMPLEMENTATIONS = YES;
				CLANG_WARN_DIRECT_OBJC_ISA_USAGE = YES_ERROR;
				CLANG_WARN_DOCUMENTATION_COMMENTS = YES;
				CLANG_WARN_EMPTY_BODY = YES;
				CLANG_WARN_ENUM_CONVERSION = YES;
				CLANG_WARN_INFINITE_RECURSION = YES;
				CLANG_WARN_INT_CONVERSION = YES;
				CLANG_WARN_NON_LITERAL_NULL_CONVERSION = YES;
				CLANG_WARN_OBJC_IMPLICIT_RETAIN_SELF = YES;
				CLANG_WARN_OBJC_LITERAL_CONVERSION = YES;
				CLANG_WARN_OBJC_ROOT_CLASS = YES_ERROR;
				CLANG_WARN_QUOTED_INCLUDE_IN_FRAMEWORK_HEADER = YES;
				CLANG_WARN_RANGE_LOOP_ANALYSIS = YES;
				CLANG_WARN_STRICT_PROTOTYPES = YES;
				CLANG_WARN_SUSPICIOUS_MOVE = YES;
				CLANG_WARN_UNGUARDED_AVAILABILITY = YES_AGGRESSIVE;
				CLANG_WARN_UNREACHABLE_CODE = YES;
				CLANG_WARN__DUPLICATE_METHOD_MATCH = YES;
				COPY_PHASE_STRIP = NO;
				DEBUG_INFORMATION_FORMAT = "dwarf-with-dsym";
				ENABLE_NS_ASSERTIONS = NO;
				ENABLE_STRICT_OBJC_MSGSEND = YES;
				GCC_C_LANGUAGE_STANDARD = gnu11;
				GCC_NO_COMMON_BLOCKS = YES;
				GCC_WARN_64_TO_32_BIT_CONVERSION = YES;
				GCC_WARN_ABOUT_RETURN_TYPE = YES_ERROR;
				GCC_WARN_UNDECLARED_SELECTOR = YES;
				GCC_WARN_UNINITIALIZED_AUTOS = YES_AGGRESSIVE;
				GCC_WARN_UNUSED_FUNCTION = YES;
				GCC_WARN_UNUSED_VARIABLE = YES;
				IPHONEOS_DEPLOYMENT_TARGET = 16.0;
				MTL_ENABLE_DEBUG_INFO = NO;
				MTL_FAST_MATH = YES;
				SDKROOT = iphoneos;
				SWIFT_COMPILATION_MODE = wholemodule;
				SWIFT_OPTIMIZATION_LEVEL = "-O";
				VALIDATE_PRODUCT = YES;
			};
			name = Release;
		};
		C6358900290840F9009B911E /* Debug */ = {
			isa = XCBuildConfiguration;
			buildSettings = {
				ASSETCATALOG_COMPILER_APPICON_NAME = AppIcon;
				ASSETCATALOG_COMPILER_GLOBAL_ACCENT_COLOR_NAME = AccentColor;
				CODE_SIGN_STYLE = Automatic;
				CURRENT_PROJECT_VERSION = 1;
				DEVELOPMENT_TEAM = JXQ54B2CD8;
				GENERATE_INFOPLIST_FILE = YES;
				INFOPLIST_FILE = PuppyChallenge/Info.plist;
				INFOPLIST_KEY_UIApplicationSupportsIndirectInputEvents = YES;
				INFOPLIST_KEY_UILaunchStoryboardName = LaunchScreen;
				INFOPLIST_KEY_UIMainStoryboardFile = Main;
				INFOPLIST_KEY_UISupportedInterfaceOrientations_iPad = "UIInterfaceOrientationPortrait UIInterfaceOrientationPortraitUpsideDown UIInterfaceOrientationLandscapeLeft UIInterfaceOrientationLandscapeRight";
				INFOPLIST_KEY_UISupportedInterfaceOrientations_iPhone = "UIInterfaceOrientationPortrait UIInterfaceOrientationLandscapeLeft UIInterfaceOrientationLandscapeRight";
				LD_RUNPATH_SEARCH_PATHS = (
					"$(inherited)",
					"@executable_path/Frameworks",
				);
				MARKETING_VERSION = 1.0;
				PRODUCT_BUNDLE_IDENTIFIER = com.PuppyChallenge;
				PRODUCT_NAME = "$(TARGET_NAME)";
				SWIFT_EMIT_LOC_STRINGS = YES;
				SWIFT_VERSION = 5.0;
				TARGETED_DEVICE_FAMILY = "1,2";
			};
			name = Debug;
		};
		C6358901290840F9009B911E /* Release */ = {
			isa = XCBuildConfiguration;
			buildSettings = {
				ASSETCATALOG_COMPILER_APPICON_NAME = AppIcon;
				ASSETCATALOG_COMPILER_GLOBAL_ACCENT_COLOR_NAME = AccentColor;
				CODE_SIGN_STYLE = Automatic;
				CURRENT_PROJECT_VERSION = 1;
				DEVELOPMENT_TEAM = JXQ54B2CD8;
				GENERATE_INFOPLIST_FILE = YES;
				INFOPLIST_FILE = PuppyChallenge/Info.plist;
				INFOPLIST_KEY_UIApplicationSupportsIndirectInputEvents = YES;
				INFOPLIST_KEY_UILaunchStoryboardName = LaunchScreen;
				INFOPLIST_KEY_UIMainStoryboardFile = Main;
				INFOPLIST_KEY_UISupportedInterfaceOrientations_iPad = "UIInterfaceOrientationPortrait UIInterfaceOrientationPortraitUpsideDown UIInterfaceOrientationLandscapeLeft UIInterfaceOrientationLandscapeRight";
				INFOPLIST_KEY_UISupportedInterfaceOrientations_iPhone = "UIInterfaceOrientationPortrait UIInterfaceOrientationLandscapeLeft UIInterfaceOrientationLandscapeRight";
				LD_RUNPATH_SEARCH_PATHS = (
					"$(inherited)",
					"@executable_path/Frameworks",
				);
				MARKETING_VERSION = 1.0;
				PRODUCT_BUNDLE_IDENTIFIER = com.PuppyChallenge;
				PRODUCT_NAME = "$(TARGET_NAME)";
				SWIFT_EMIT_LOC_STRINGS = YES;
				SWIFT_VERSION = 5.0;
				TARGETED_DEVICE_FAMILY = "1,2";
			};
			name = Release;
		};
		C6358903290840F9009B911E /* Debug */ = {
			isa = XCBuildConfiguration;
			buildSettings = {
				ALWAYS_EMBED_SWIFT_STANDARD_LIBRARIES = YES;
				BUNDLE_LOADER = "$(TEST_HOST)";
				CODE_SIGN_STYLE = Automatic;
				CURRENT_PROJECT_VERSION = 1;
				DEVELOPMENT_TEAM = JXQ54B2CD8;
				GENERATE_INFOPLIST_FILE = YES;
				IPHONEOS_DEPLOYMENT_TARGET = 16.0;
				MARKETING_VERSION = 1.0;
				PRODUCT_BUNDLE_IDENTIFIER = com.PuppyChallengeTests;
				PRODUCT_NAME = "$(TARGET_NAME)";
				SWIFT_EMIT_LOC_STRINGS = NO;
				SWIFT_VERSION = 5.0;
				TARGETED_DEVICE_FAMILY = "1,2";
				TEST_HOST = "$(BUILT_PRODUCTS_DIR)/PuppyChallenge.app/$(BUNDLE_EXECUTABLE_FOLDER_PATH)/PuppyChallenge";
			};
			name = Debug;
		};
		C6358904290840F9009B911E /* Release */ = {
			isa = XCBuildConfiguration;
			buildSettings = {
				ALWAYS_EMBED_SWIFT_STANDARD_LIBRARIES = YES;
				BUNDLE_LOADER = "$(TEST_HOST)";
				CODE_SIGN_STYLE = Automatic;
				CURRENT_PROJECT_VERSION = 1;
				DEVELOPMENT_TEAM = JXQ54B2CD8;
				GENERATE_INFOPLIST_FILE = YES;
				IPHONEOS_DEPLOYMENT_TARGET = 16.0;
				MARKETING_VERSION = 1.0;
				PRODUCT_BUNDLE_IDENTIFIER = com.PuppyChallengeTests;
				PRODUCT_NAME = "$(TARGET_NAME)";
				SWIFT_EMIT_LOC_STRINGS = NO;
				SWIFT_VERSION = 5.0;
				TARGETED_DEVICE_FAMILY = "1,2";
				TEST_HOST = "$(BUILT_PRODUCTS_DIR)/PuppyChallenge.app/$(BUNDLE_EXECUTABLE_FOLDER_PATH)/PuppyChallenge";
			};
			name = Release;
		};
		C6358906290840F9009B911E /* Debug */ = {
			isa = XCBuildConfiguration;
			buildSettings = {
				ALWAYS_EMBED_SWIFT_STANDARD_LIBRARIES = YES;
				CODE_SIGN_STYLE = Automatic;
				CURRENT_PROJECT_VERSION = 1;
				DEVELOPMENT_TEAM = JXQ54B2CD8;
				GENERATE_INFOPLIST_FILE = YES;
				MARKETING_VERSION = 1.0;
				PRODUCT_BUNDLE_IDENTIFIER = com.PuppyChallengeUITests;
				PRODUCT_NAME = "$(TARGET_NAME)";
				SWIFT_EMIT_LOC_STRINGS = NO;
				SWIFT_VERSION = 5.0;
				TARGETED_DEVICE_FAMILY = "1,2";
				TEST_TARGET_NAME = PuppyChallenge;
			};
			name = Debug;
		};
		C6358907290840F9009B911E /* Release */ = {
			isa = XCBuildConfiguration;
			buildSettings = {
				ALWAYS_EMBED_SWIFT_STANDARD_LIBRARIES = YES;
				CODE_SIGN_STYLE = Automatic;
				CURRENT_PROJECT_VERSION = 1;
				DEVELOPMENT_TEAM = JXQ54B2CD8;
				GENERATE_INFOPLIST_FILE = YES;
				MARKETING_VERSION = 1.0;
				PRODUCT_BUNDLE_IDENTIFIER = com.PuppyChallengeUITests;
				PRODUCT_NAME = "$(TARGET_NAME)";
				SWIFT_EMIT_LOC_STRINGS = NO;
				SWIFT_VERSION = 5.0;
				TARGETED_DEVICE_FAMILY = "1,2";
				TEST_TARGET_NAME = PuppyChallenge;
			};
			name = Release;
		};
/* End XCBuildConfiguration section */

/* Begin XCConfigurationList section */
		C63588CD290840F6009B911E /* Build configuration list for PBXProject "PuppyChallenge" */ = {
			isa = XCConfigurationList;
			buildConfigurations = (
				C63588FD290840F9009B911E /* Debug */,
				C63588FE290840F9009B911E /* Release */,
			);
			defaultConfigurationIsVisible = 0;
			defaultConfigurationName = Release;
		};
		C63588FF290840F9009B911E /* Build configuration list for PBXNativeTarget "PuppyChallenge" */ = {
			isa = XCConfigurationList;
			buildConfigurations = (
				C6358900290840F9009B911E /* Debug */,
				C6358901290840F9009B911E /* Release */,
			);
			defaultConfigurationIsVisible = 0;
			defaultConfigurationName = Release;
		};
		C6358902290840F9009B911E /* Build configuration list for PBXNativeTarget "PuppyChallengeTests" */ = {
			isa = XCConfigurationList;
			buildConfigurations = (
				C6358903290840F9009B911E /* Debug */,
				C6358904290840F9009B911E /* Release */,
			);
			defaultConfigurationIsVisible = 0;
			defaultConfigurationName = Release;
		};
		C6358905290840F9009B911E /* Build configuration list for PBXNativeTarget "PuppyChallengeUITests" */ = {
			isa = XCConfigurationList;
			buildConfigurations = (
				C6358906290840F9009B911E /* Debug */,
				C6358907290840F9009B911E /* Release */,
			);
			defaultConfigurationIsVisible = 0;
			defaultConfigurationName = Release;
		};
/* End XCConfigurationList section */

/* Begin XCVersionGroup section */
		C63588DE290840F6009B911E /* PuppyChallenge.xcdatamodeld */ = {
			isa = XCVersionGroup;
			children = (
				C63588DF290840F6009B911E /* PuppyChallenge.xcdatamodel */,
			);
			currentVersion = C63588DF290840F6009B911E /* PuppyChallenge.xcdatamodel */;
			path = PuppyChallenge.xcdatamodeld;
			sourceTree = "<group>";
			versionGroupType = wrapper.xcdatamodel;
		};
/* End XCVersionGroup section */
	};
	rootObject = C63588CA290840F6009B911E /* Project object */;
}
